// !$*UTF8*$!
{
	archiveVersion = 1;
	classes = {
	};
	objectVersion = 77;
	objects = {

/* Begin PBXBuildFile section */
		047A284DA06FA13DC44D1D3D /* FilesView.swift in Sources */ = {isa = PBXBuildFile; fileRef = 888773F60C9D69DBE740F411 /* FilesView.swift */; };
		079CC7C6F258BB709F7A37AF /* FrameCodecTests.swift in Sources */ = {isa = PBXBuildFile; fileRef = 3A3119C2D1D0B5D827222012 /* FrameCodecTests.swift */; };
		0ED98BF241F2969FC4555008 /* StageControllerTests.swift in Sources */ = {isa = PBXBuildFile; fileRef = 16148C3EFEBBE30F2FCE9282 /* StageControllerTests.swift */; };
		1B2B805F0D4B1EDCB41250F5 /* TelemetryFormat.swift in Sources */ = {isa = PBXBuildFile; fileRef = 993604D376831AA47881E9F8 /* TelemetryFormat.swift */; };
		22C171C6481CF99FE8AFD0C5 /* TranscriptPill.swift in Sources */ = {isa = PBXBuildFile; fileRef = 387445C0B4E402C94DC5BECF /* TranscriptPill.swift */; };
		245DC335B11C77F30BD9A763 /* MailWidget.swift in Sources */ = {isa = PBXBuildFile; fileRef = B7BD7449C3619D00A9DB9024 /* MailWidget.swift */; };
		2D90B395AAA531523B7E69F7 /* CardStyle.swift in Sources */ = {isa = PBXBuildFile; fileRef = 6CC3D5137B4533DCF48A9B7B /* CardStyle.swift */; };
		32B70ACC3CF4BD01A00770BD /* BreakerPreviewCard.swift in Sources */ = {isa = PBXBuildFile; fileRef = 23F0579A84C7D1D3E3F91FCF /* BreakerPreviewCard.swift */; };
		33AC917533E193EC87351912 /* BootstrapTests.swift in Sources */ = {isa = PBXBuildFile; fileRef = E23763944C65D1590306AA94 /* BootstrapTests.swift */; };
		37B171380A920CE186512864 /* WidgetPresentTests.swift in Sources */ = {isa = PBXBuildFile; fileRef = 5CD18855C1E06F8E5B08476C /* WidgetPresentTests.swift */; };
		3A8C5B200BCF35578990A1FA /* ChatView.swift in Sources */ = {isa = PBXBuildFile; fileRef = 2B63E02251683693E37BF4A9 /* ChatView.swift */; };
		3C6319EF9FA602D5E044B93F /* SettingsView.swift in Sources */ = {isa = PBXBuildFile; fileRef = 2F117564885273FC5851D40D /* SettingsView.swift */; };
		3D603DC06ACAC7B04655DF3A /* Cue.swift in Sources */ = {isa = PBXBuildFile; fileRef = A5E2D51A82AB1B4CACE1AE21 /* Cue.swift */; };
		4AC160EE8D1629F298C6B0C3 /* TitleBar.swift in Sources */ = {isa = PBXBuildFile; fileRef = 1581C869303EA5029A4C8AB3 /* TitleBar.swift */; };
		50530AB63A85F1D2D6129922 /* RuntimeWindow.swift in Sources */ = {isa = PBXBuildFile; fileRef = 36E3CA693C73CEBBC7A4DFDB /* RuntimeWindow.swift */; };
		5C9386F35B8C670D585C2CE3 /* BrainToggleTests.swift in Sources */ = {isa = PBXBuildFile; fileRef = D4DB962E78CD78EF0DA5F25F /* BrainToggleTests.swift */; };
		623812EED131A157C7B8C34B /* Speaker.swift in Sources */ = {isa = PBXBuildFile; fileRef = 227343D40D493FAC0CCF6BCE /* Speaker.swift */; };
		62CA2DAC1282964973C7B420 /* Particles.metal in Sources */ = {isa = PBXBuildFile; fileRef = C982AA0EAACC4CC3F4DE2B5A /* Particles.metal */; };
		6EFB415E93C2D40FBD34456C /* MessageBar.swift in Sources */ = {isa = PBXBuildFile; fileRef = 94EF16300BDE7B0F12AAC04E /* MessageBar.swift */; };
		7BFCE5FB0B242A6A22E688B6 /* CardGallery.swift in Sources */ = {isa = PBXBuildFile; fileRef = A098A91844071C72FAC1E8FB /* CardGallery.swift */; };
		7DAF4585F776F59FBE51BF75 /* MailWidgetTests.swift in Sources */ = {isa = PBXBuildFile; fileRef = 55DA7395386F5C580A2A5678 /* MailWidgetTests.swift */; };
		83FB9426A2E948EBE963A7B1 /* BootScreen.swift in Sources */ = {isa = PBXBuildFile; fileRef = 02A8BDF354B85815DCA541B3 /* BootScreen.swift */; };
		8594589FAE12D887683700AC /* CloudWindow.swift in Sources */ = {isa = PBXBuildFile; fileRef = 962A24B4F107DB1A15EBA0EE /* CloudWindow.swift */; };
		87731C5F5B698E1426F2B662 /* EventsWidget.swift in Sources */ = {isa = PBXBuildFile; fileRef = 327C7CEFE4DEFF1605EBCD86 /* EventsWidget.swift */; };
		88A12EA92A2489ACC2BCBFEC /* RuntimeState.swift in Sources */ = {isa = PBXBuildFile; fileRef = 809B0BB8C9CB88CD91823318 /* RuntimeState.swift */; };
		94F0830692D8DADA050094EF /* EventKitBridge.swift in Sources */ = {isa = PBXBuildFile; fileRef = 38E4382BD668F57EB831E3AE /* EventKitBridge.swift */; };
		9D5510B23514F8FB38E72A25 /* AppCoordinator.swift in Sources */ = {isa = PBXBuildFile; fileRef = 0EC2621AFC72F7E6F7507D65 /* AppCoordinator.swift */; };
		A1E52283EF62602AA2991E1C /* TelemetryFormatTests.swift in Sources */ = {isa = PBXBuildFile; fileRef = 8563D0130C0964B40CE246F8 /* TelemetryFormatTests.swift */; };
		A241F475A27768524D95BDF2 /* Tokens.swift in Sources */ = {isa = PBXBuildFile; fileRef = E337FF479D32228A89AC2A21 /* Tokens.swift */; };
		A394F9FD3365C26F7AF108E8 /* KernelSocket.swift in Sources */ = {isa = PBXBuildFile; fileRef = 17EF899658131B94C9F042DA /* KernelSocket.swift */; };
		A70CF9D5A905087E9AB95D72 /* WidgetDisplayer.swift in Sources */ = {isa = PBXBuildFile; fileRef = DD4D8817411955567A3557CF /* WidgetDisplayer.swift */; };
		AC3E6355917B0E738DF5AAA1 /* WidgetCommand.swift in Sources */ = {isa = PBXBuildFile; fileRef = AEE4FEAAC27DDB475343EF80 /* WidgetCommand.swift */; };
		AC91955281DD6E143F8441CC /* ControlDock.swift in Sources */ = {isa = PBXBuildFile; fileRef = 2EC7FAC2854624CD256ACF0D /* ControlDock.swift */; };
		B19460B5AFEA72D2B4D3C45F /* Particles.swift in Sources */ = {isa = PBXBuildFile; fileRef = E0B90F22E877B592964F5962 /* Particles.swift */; };
		BA2AC7AEF3EE4A747A3034D5 /* KernelApp.swift in Sources */ = {isa = PBXBuildFile; fileRef = EF805AA6C2148C3ABD263FF3 /* KernelApp.swift */; };
		BB30FA8A01AB4AE35217DB29 /* AccountsWidget.swift in Sources */ = {isa = PBXBuildFile; fileRef = 1ED9D858069467D129FE708C /* AccountsWidget.swift */; };
		BFB39E9CD818417405A6D7B6 /* BreakerPreviewCardTests.swift in Sources */ = {isa = PBXBuildFile; fileRef = F444398CBAD3771A5DC1778C /* BreakerPreviewCardTests.swift */; };
		C359BB5F854B07B0F6B41CB2 /* EmailPreviewWidget.swift in Sources */ = {isa = PBXBuildFile; fileRef = 193AFCAC879427A10B16F78B /* EmailPreviewWidget.swift */; };
		C75E111C26F08812690A866D /* StageController.swift in Sources */ = {isa = PBXBuildFile; fileRef = 5C1ADCD649DA3432EADAEC68 /* StageController.swift */; };
		C7B804AEED73EF401A504B2E /* BoundarySpike.swift in Sources */ = {isa = PBXBuildFile; fileRef = AA1ECABC73A7064F118CDB7C /* BoundarySpike.swift */; };
		D3367F473141E5E6A42D71A1 /* TranscriptPillTests.swift in Sources */ = {isa = PBXBuildFile; fileRef = BDE4605655DAE1B3771694AE /* TranscriptPillTests.swift */; };
		D88A92F3A0BE94C02FFD93BD /* SpendingWidget.swift in Sources */ = {isa = PBXBuildFile; fileRef = 3E9C2E13E9EFEB9185BCAA09 /* SpendingWidget.swift */; };
		D8E03C9C94879B5C8E740100 /* WidgetCommandTests.swift in Sources */ = {isa = PBXBuildFile; fileRef = 45B85B01F2711F6AA9E286CC /* WidgetCommandTests.swift */; };
		D93054EB469FA366019234CB /* ConversationOverlay.swift in Sources */ = {isa = PBXBuildFile; fileRef = 128AAB739F1B58E2F0A2B390 /* ConversationOverlay.swift */; };
		E737C6D6DA7FEFC76BBA032A /* CapabilitiesStatsFrameTests.swift in Sources */ = {isa = PBXBuildFile; fileRef = C53B5F431D5977EA7F417C28 /* CapabilitiesStatsFrameTests.swift */; };
		E89A73582776E9C984435FC2 /* EmailPreviewWidgetTests.swift in Sources */ = {isa = PBXBuildFile; fileRef = 63092470ECF7A7269EEB57E4 /* EmailPreviewWidgetTests.swift */; };
		EC23C4B00426B01F664ED22B /* DaemonSupervisor.swift in Sources */ = {isa = PBXBuildFile; fileRef = 58103C2863765A027A652775 /* DaemonSupervisor.swift */; };
		EDED0FB00259BB524220DFF1 /* TelemetryStrip.swift in Sources */ = {isa = PBXBuildFile; fileRef = 63DDF73DFABB2D9E91D04E1A /* TelemetryStrip.swift */; };
		F027D3F9A182E74DF34C573C /* WidgetRenderTests.swift in Sources */ = {isa = PBXBuildFile; fileRef = 1A7F120C9369A4789389E371 /* WidgetRenderTests.swift */; };
		F038967A9CA01EA613799063 /* Frames.swift in Sources */ = {isa = PBXBuildFile; fileRef = 48D7F81C2056D4C22D02909D /* Frames.swift */; };
		F1A7D8C960711D28DA04FBAB /* AppShell.swift in Sources */ = {isa = PBXBuildFile; fileRef = 59F0ECCA5448195EC385EEDD /* AppShell.swift */; };
		F2CD0BAA4669707EBF30247A /* Motion.swift in Sources */ = {isa = PBXBuildFile; fileRef = F598C22C9E59BF99CBB93134 /* Motion.swift */; };
		FC5FA779A37096D8CC3C88E7 /* MicEngine.swift in Sources */ = {isa = PBXBuildFile; fileRef = 07F4EDAF801AA259DC93042F /* MicEngine.swift */; };
/* End PBXBuildFile section */

/* Begin PBXContainerItemProxy section */
		5B8B2699E03761AAF42F3698 /* PBXContainerItemProxy */ = {
			isa = PBXContainerItemProxy;
			containerPortal = CEE60390B29FD39CD2989D32 /* Project object */;
			proxyType = 1;
			remoteGlobalIDString = 1F4B54A97C1D34A2C8C4EFF3;
			remoteInfo = Kernel;
		};
/* End PBXContainerItemProxy section */

/* Begin PBXFileReference section */
		02A8BDF354B85815DCA541B3 /* BootScreen.swift */ = {isa = PBXFileReference; lastKnownFileType = sourcecode.swift; path = BootScreen.swift; sourceTree = "<group>"; };
		07F4EDAF801AA259DC93042F /* MicEngine.swift */ = {isa = PBXFileReference; lastKnownFileType = sourcecode.swift; path = MicEngine.swift; sourceTree = "<group>"; };
		0EC2621AFC72F7E6F7507D65 /* AppCoordinator.swift */ = {isa = PBXFileReference; lastKnownFileType = sourcecode.swift; path = AppCoordinator.swift; sourceTree = "<group>"; };
		128AAB739F1B58E2F0A2B390 /* ConversationOverlay.swift */ = {isa = PBXFileReference; lastKnownFileType = sourcecode.swift; path = ConversationOverlay.swift; sourceTree = "<group>"; };
		1581C869303EA5029A4C8AB3 /* TitleBar.swift */ = {isa = PBXFileReference; lastKnownFileType = sourcecode.swift; path = TitleBar.swift; sourceTree = "<group>"; };
		16148C3EFEBBE30F2FCE9282 /* StageControllerTests.swift */ = {isa = PBXFileReference; lastKnownFileType = sourcecode.swift; path = StageControllerTests.swift; sourceTree = "<group>"; };
		17EF899658131B94C9F042DA /* KernelSocket.swift */ = {isa = PBXFileReference; lastKnownFileType = sourcecode.swift; path = KernelSocket.swift; sourceTree = "<group>"; };
		193AFCAC879427A10B16F78B /* EmailPreviewWidget.swift */ = {isa = PBXFileReference; lastKnownFileType = sourcecode.swift; path = EmailPreviewWidget.swift; sourceTree = "<group>"; };
		1A7F120C9369A4789389E371 /* WidgetRenderTests.swift */ = {isa = PBXFileReference; lastKnownFileType = sourcecode.swift; path = WidgetRenderTests.swift; sourceTree = "<group>"; };
		1E0CD605F7A5ED78342D424E /* KernelTests.xctest */ = {isa = PBXFileReference; explicitFileType = wrapper.cfbundle; includeInIndex = 0; path = KernelTests.xctest; sourceTree = BUILT_PRODUCTS_DIR; };
		1ED9D858069467D129FE708C /* AccountsWidget.swift */ = {isa = PBXFileReference; lastKnownFileType = sourcecode.swift; path = AccountsWidget.swift; sourceTree = "<group>"; };
		227343D40D493FAC0CCF6BCE /* Speaker.swift */ = {isa = PBXFileReference; lastKnownFileType = sourcecode.swift; path = Speaker.swift; sourceTree = "<group>"; };
		23F0579A84C7D1D3E3F91FCF /* BreakerPreviewCard.swift */ = {isa = PBXFileReference; lastKnownFileType = sourcecode.swift; path = BreakerPreviewCard.swift; sourceTree = "<group>"; };
		2B63E02251683693E37BF4A9 /* ChatView.swift */ = {isa = PBXFileReference; lastKnownFileType = sourcecode.swift; path = ChatView.swift; sourceTree = "<group>"; };
		2EC7FAC2854624CD256ACF0D /* ControlDock.swift */ = {isa = PBXFileReference; lastKnownFileType = sourcecode.swift; path = ControlDock.swift; sourceTree = "<group>"; };
		2F117564885273FC5851D40D /* SettingsView.swift */ = {isa = PBXFileReference; lastKnownFileType = sourcecode.swift; path = SettingsView.swift; sourceTree = "<group>"; };
		327C7CEFE4DEFF1605EBCD86 /* EventsWidget.swift */ = {isa = PBXFileReference; lastKnownFileType = sourcecode.swift; path = EventsWidget.swift; sourceTree = "<group>"; };
		36E3CA693C73CEBBC7A4DFDB /* RuntimeWindow.swift */ = {isa = PBXFileReference; lastKnownFileType = sourcecode.swift; path = RuntimeWindow.swift; sourceTree = "<group>"; };
		387445C0B4E402C94DC5BECF /* TranscriptPill.swift */ = {isa = PBXFileReference; lastKnownFileType = sourcecode.swift; path = TranscriptPill.swift; sourceTree = "<group>"; };
		38E4382BD668F57EB831E3AE /* EventKitBridge.swift */ = {isa = PBXFileReference; lastKnownFileType = sourcecode.swift; path = EventKitBridge.swift; sourceTree = "<group>"; };
		3A3119C2D1D0B5D827222012 /* FrameCodecTests.swift */ = {isa = PBXFileReference; lastKnownFileType = sourcecode.swift; path = FrameCodecTests.swift; sourceTree = "<group>"; };
		3E9C2E13E9EFEB9185BCAA09 /* SpendingWidget.swift */ = {isa = PBXFileReference; lastKnownFileType = sourcecode.swift; path = SpendingWidget.swift; sourceTree = "<group>"; };
		45B85B01F2711F6AA9E286CC /* WidgetCommandTests.swift */ = {isa = PBXFileReference; lastKnownFileType = sourcecode.swift; path = WidgetCommandTests.swift; sourceTree = "<group>"; };
		48D7F81C2056D4C22D02909D /* Frames.swift */ = {isa = PBXFileReference; lastKnownFileType = sourcecode.swift; path = Frames.swift; sourceTree = "<group>"; };
		55DA7395386F5C580A2A5678 /* MailWidgetTests.swift */ = {isa = PBXFileReference; lastKnownFileType = sourcecode.swift; path = MailWidgetTests.swift; sourceTree = "<group>"; };
		58103C2863765A027A652775 /* DaemonSupervisor.swift */ = {isa = PBXFileReference; lastKnownFileType = sourcecode.swift; path = DaemonSupervisor.swift; sourceTree = "<group>"; };
		59F0ECCA5448195EC385EEDD /* AppShell.swift */ = {isa = PBXFileReference; lastKnownFileType = sourcecode.swift; path = AppShell.swift; sourceTree = "<group>"; };
		5C1ADCD649DA3432EADAEC68 /* StageController.swift */ = {isa = PBXFileReference; lastKnownFileType = sourcecode.swift; path = StageController.swift; sourceTree = "<group>"; };
		5CD18855C1E06F8E5B08476C /* WidgetPresentTests.swift */ = {isa = PBXFileReference; lastKnownFileType = sourcecode.swift; path = WidgetPresentTests.swift; sourceTree = "<group>"; };
		6031C7693DB73B68A9F6ADED /* Info.plist */ = {isa = PBXFileReference; lastKnownFileType = text.plist; path = Info.plist; sourceTree = "<group>"; };
		63092470ECF7A7269EEB57E4 /* EmailPreviewWidgetTests.swift */ = {isa = PBXFileReference; lastKnownFileType = sourcecode.swift; path = EmailPreviewWidgetTests.swift; sourceTree = "<group>"; };
		63DDF73DFABB2D9E91D04E1A /* TelemetryStrip.swift */ = {isa = PBXFileReference; lastKnownFileType = sourcecode.swift; path = TelemetryStrip.swift; sourceTree = "<group>"; };
		6CC3D5137B4533DCF48A9B7B /* CardStyle.swift */ = {isa = PBXFileReference; lastKnownFileType = sourcecode.swift; path = CardStyle.swift; sourceTree = "<group>"; };
		7B5D7D7D8E4B96BA7A8ED69B /* Kernel.entitlements */ = {isa = PBXFileReference; lastKnownFileType = text.plist.entitlements; path = Kernel.entitlements; sourceTree = "<group>"; };
		809B0BB8C9CB88CD91823318 /* RuntimeState.swift */ = {isa = PBXFileReference; lastKnownFileType = sourcecode.swift; path = RuntimeState.swift; sourceTree = "<group>"; };
		8563D0130C0964B40CE246F8 /* TelemetryFormatTests.swift */ = {isa = PBXFileReference; lastKnownFileType = sourcecode.swift; path = TelemetryFormatTests.swift; sourceTree = "<group>"; };
		888773F60C9D69DBE740F411 /* FilesView.swift */ = {isa = PBXFileReference; lastKnownFileType = sourcecode.swift; path = FilesView.swift; sourceTree = "<group>"; };
		94EF16300BDE7B0F12AAC04E /* MessageBar.swift */ = {isa = PBXFileReference; lastKnownFileType = sourcecode.swift; path = MessageBar.swift; sourceTree = "<group>"; };
		962A24B4F107DB1A15EBA0EE /* CloudWindow.swift */ = {isa = PBXFileReference; lastKnownFileType = sourcecode.swift; path = CloudWindow.swift; sourceTree = "<group>"; };
		993604D376831AA47881E9F8 /* TelemetryFormat.swift */ = {isa = PBXFileReference; lastKnownFileType = sourcecode.swift; path = TelemetryFormat.swift; sourceTree = "<group>"; };
		9C9F810A2EE7CDD4B516ADEF /* Kernel.app */ = {isa = PBXFileReference; explicitFileType = wrapper.application; includeInIndex = 0; path = Kernel.app; sourceTree = BUILT_PRODUCTS_DIR; };
		A098A91844071C72FAC1E8FB /* CardGallery.swift */ = {isa = PBXFileReference; lastKnownFileType = sourcecode.swift; path = CardGallery.swift; sourceTree = "<group>"; };
		A5E2D51A82AB1B4CACE1AE21 /* Cue.swift */ = {isa = PBXFileReference; lastKnownFileType = sourcecode.swift; path = Cue.swift; sourceTree = "<group>"; };
		AA1ECABC73A7064F118CDB7C /* BoundarySpike.swift */ = {isa = PBXFileReference; lastKnownFileType = sourcecode.swift; path = BoundarySpike.swift; sourceTree = "<group>"; };
		AEE4FEAAC27DDB475343EF80 /* WidgetCommand.swift */ = {isa = PBXFileReference; lastKnownFileType = sourcecode.swift; path = WidgetCommand.swift; sourceTree = "<group>"; };
		B7BD7449C3619D00A9DB9024 /* MailWidget.swift */ = {isa = PBXFileReference; lastKnownFileType = sourcecode.swift; path = MailWidget.swift; sourceTree = "<group>"; };
		BDE4605655DAE1B3771694AE /* TranscriptPillTests.swift */ = {isa = PBXFileReference; lastKnownFileType = sourcecode.swift; path = TranscriptPillTests.swift; sourceTree = "<group>"; };
		C53B5F431D5977EA7F417C28 /* CapabilitiesStatsFrameTests.swift */ = {isa = PBXFileReference; lastKnownFileType = sourcecode.swift; path = CapabilitiesStatsFrameTests.swift; sourceTree = "<group>"; };
		C982AA0EAACC4CC3F4DE2B5A /* Particles.metal */ = {isa = PBXFileReference; lastKnownFileType = sourcecode.metal; path = Particles.metal; sourceTree = "<group>"; };
		D4DB962E78CD78EF0DA5F25F /* BrainToggleTests.swift */ = {isa = PBXFileReference; lastKnownFileType = sourcecode.swift; path = BrainToggleTests.swift; sourceTree = "<group>"; };
		DD4D8817411955567A3557CF /* WidgetDisplayer.swift */ = {isa = PBXFileReference; lastKnownFileType = sourcecode.swift; path = WidgetDisplayer.swift; sourceTree = "<group>"; };
		E0B90F22E877B592964F5962 /* Particles.swift */ = {isa = PBXFileReference; lastKnownFileType = sourcecode.swift; path = Particles.swift; sourceTree = "<group>"; };
		E23763944C65D1590306AA94 /* BootstrapTests.swift */ = {isa = PBXFileReference; lastKnownFileType = sourcecode.swift; path = BootstrapTests.swift; sourceTree = "<group>"; };
		E337FF479D32228A89AC2A21 /* Tokens.swift */ = {isa = PBXFileReference; lastKnownFileType = sourcecode.swift; path = Tokens.swift; sourceTree = "<group>"; };
		EF805AA6C2148C3ABD263FF3 /* KernelApp.swift */ = {isa = PBXFileReference; lastKnownFileType = sourcecode.swift; path = KernelApp.swift; sourceTree = "<group>"; };
		F444398CBAD3771A5DC1778C /* BreakerPreviewCardTests.swift */ = {isa = PBXFileReference; lastKnownFileType = sourcecode.swift; path = BreakerPreviewCardTests.swift; sourceTree = "<group>"; };
		F598C22C9E59BF99CBB93134 /* Motion.swift */ = {isa = PBXFileReference; lastKnownFileType = sourcecode.swift; path = Motion.swift; sourceTree = "<group>"; };
/* End PBXFileReference section */

/* Begin PBXGroup section */
		1D10FE1C8F7527B9DAEE46CC /* Spike */ = {
			isa = PBXGroup;
			children = (
				AA1ECABC73A7064F118CDB7C /* BoundarySpike.swift */,
			);
			path = Spike;
			sourceTree = "<group>";
		};
		2539E772C4442339C9DEE491 /* Widgets */ = {
			isa = PBXGroup;
			children = (
				1ED9D858069467D129FE708C /* AccountsWidget.swift */,
				23F0579A84C7D1D3E3F91FCF /* BreakerPreviewCard.swift */,
				193AFCAC879427A10B16F78B /* EmailPreviewWidget.swift */,
				327C7CEFE4DEFF1605EBCD86 /* EventsWidget.swift */,
				B7BD7449C3619D00A9DB9024 /* MailWidget.swift */,
				3E9C2E13E9EFEB9185BCAA09 /* SpendingWidget.swift */,
				AEE4FEAAC27DDB475343EF80 /* WidgetCommand.swift */,
				DD4D8817411955567A3557CF /* WidgetDisplayer.swift */,
			);
			path = Widgets;
			sourceTree = "<group>";
		};
		370F3EB30091DCA3907C4E74 /* Stage */ = {
			isa = PBXGroup;
			children = (
				A5E2D51A82AB1B4CACE1AE21 /* Cue.swift */,
				5C1ADCD649DA3432EADAEC68 /* StageController.swift */,
			);
			path = Stage;
			sourceTree = "<group>";
		};
		3BEFBFF1973B1DD95CDE5364 /* Products */ = {
			isa = PBXGroup;
			children = (
				9C9F810A2EE7CDD4B516ADEF /* Kernel.app */,
				1E0CD605F7A5ED78342D424E /* KernelTests.xctest */,
			);
			name = Products;
			sourceTree = "<group>";
		};
		3E6E6E95828FD9E318201423 /* Voice */ = {
			isa = PBXGroup;
			children = (
				07F4EDAF801AA259DC93042F /* MicEngine.swift */,
				227343D40D493FAC0CCF6BCE /* Speaker.swift */,
			);
			path = Voice;
			sourceTree = "<group>";
		};
		52BB9F891D95D85002D5E24E /* IPC */ = {
			isa = PBXGroup;
			children = (
				58103C2863765A027A652775 /* DaemonSupervisor.swift */,
				48D7F81C2056D4C22D02909D /* Frames.swift */,
				17EF899658131B94C9F042DA /* KernelSocket.swift */,
			);
			path = IPC;
			sourceTree = "<group>";
		};
		54561483E45621C22998374B /* KernelTests */ = {
			isa = PBXGroup;
			children = (
				E23763944C65D1590306AA94 /* BootstrapTests.swift */,
				D4DB962E78CD78EF0DA5F25F /* BrainToggleTests.swift */,
				F444398CBAD3771A5DC1778C /* BreakerPreviewCardTests.swift */,
				C53B5F431D5977EA7F417C28 /* CapabilitiesStatsFrameTests.swift */,
				63092470ECF7A7269EEB57E4 /* EmailPreviewWidgetTests.swift */,
				3A3119C2D1D0B5D827222012 /* FrameCodecTests.swift */,
				55DA7395386F5C580A2A5678 /* MailWidgetTests.swift */,
				16148C3EFEBBE30F2FCE9282 /* StageControllerTests.swift */,
				8563D0130C0964B40CE246F8 /* TelemetryFormatTests.swift */,
				BDE4605655DAE1B3771694AE /* TranscriptPillTests.swift */,
				45B85B01F2711F6AA9E286CC /* WidgetCommandTests.swift */,
				5CD18855C1E06F8E5B08476C /* WidgetPresentTests.swift */,
				1A7F120C9369A4789389E371 /* WidgetRenderTests.swift */,
			);
			path = KernelTests;
			sourceTree = "<group>";
		};
		58DAC94496C31FB2A205F84F /* DesignSystem */ = {
			isa = PBXGroup;
			children = (
				6CC3D5137B4533DCF48A9B7B /* CardStyle.swift */,
				F598C22C9E59BF99CBB93134 /* Motion.swift */,
				E337FF479D32228A89AC2A21 /* Tokens.swift */,
			);
			path = DesignSystem;
			sourceTree = "<group>";
		};
		723E3379F1DC02759D8C9EEA /* ClaudeCode */ = {
			isa = PBXGroup;
			children = (
				387445C0B4E402C94DC5BECF /* TranscriptPill.swift */,
			);
			path = ClaudeCode;
			sourceTree = "<group>";
		};
		94B3952D0E98361A33BBB406 /* Shell */ = {
			isa = PBXGroup;
			children = (
				59F0ECCA5448195EC385EEDD /* AppShell.swift */,
				02A8BDF354B85815DCA541B3 /* BootScreen.swift */,
				A098A91844071C72FAC1E8FB /* CardGallery.swift */,
				2B63E02251683693E37BF4A9 /* ChatView.swift */,
				2EC7FAC2854624CD256ACF0D /* ControlDock.swift */,
				128AAB739F1B58E2F0A2B390 /* ConversationOverlay.swift */,
				888773F60C9D69DBE740F411 /* FilesView.swift */,
				94EF16300BDE7B0F12AAC04E /* MessageBar.swift */,
				809B0BB8C9CB88CD91823318 /* RuntimeState.swift */,
				36E3CA693C73CEBBC7A4DFDB /* RuntimeWindow.swift */,
				2F117564885273FC5851D40D /* SettingsView.swift */,
				993604D376831AA47881E9F8 /* TelemetryFormat.swift */,
				63DDF73DFABB2D9E91D04E1A /* TelemetryStrip.swift */,
				1581C869303EA5029A4C8AB3 /* TitleBar.swift */,
			);
			path = Shell;
			sourceTree = "<group>";
		};
		D2F83C08BE202570DCF2D367 /* Calendar */ = {
			isa = PBXGroup;
			children = (
				38E4382BD668F57EB831E3AE /* EventKitBridge.swift */,
			);
			path = Calendar;
			sourceTree = "<group>";
		};
		F3C8B680AD9BD3B1C3777E0C = {
			isa = PBXGroup;
			children = (
				FBA8AD8272F433C19F1171F0 /* Kernel */,
				54561483E45621C22998374B /* KernelTests */,
				1D10FE1C8F7527B9DAEE46CC /* Spike */,
				3BEFBFF1973B1DD95CDE5364 /* Products */,
			);
			sourceTree = "<group>";
		};
		FBA8AD8272F433C19F1171F0 /* Kernel */ = {
			isa = PBXGroup;
			children = (
				0EC2621AFC72F7E6F7507D65 /* AppCoordinator.swift */,
				6031C7693DB73B68A9F6ADED /* Info.plist */,
				7B5D7D7D8E4B96BA7A8ED69B /* Kernel.entitlements */,
				EF805AA6C2148C3ABD263FF3 /* KernelApp.swift */,
				D2F83C08BE202570DCF2D367 /* Calendar */,
				723E3379F1DC02759D8C9EEA /* ClaudeCode */,
				FE3C8925905BD344A2F050F1 /* CloudView */,
				58DAC94496C31FB2A205F84F /* DesignSystem */,
				52BB9F891D95D85002D5E24E /* IPC */,
				94B3952D0E98361A33BBB406 /* Shell */,
				370F3EB30091DCA3907C4E74 /* Stage */,
				3E6E6E95828FD9E318201423 /* Voice */,
				2539E772C4442339C9DEE491 /* Widgets */,
			);
			path = Kernel;
			sourceTree = "<group>";
		};
		FE3C8925905BD344A2F050F1 /* CloudView */ = {
			isa = PBXGroup;
			children = (
				962A24B4F107DB1A15EBA0EE /* CloudWindow.swift */,
				C982AA0EAACC4CC3F4DE2B5A /* Particles.metal */,
				E0B90F22E877B592964F5962 /* Particles.swift */,
			);
			path = CloudView;
			sourceTree = "<group>";
		};
/* End PBXGroup section */

/* Begin PBXNativeTarget section */
		1F4B54A97C1D34A2C8C4EFF3 /* Kernel */ = {
			isa = PBXNativeTarget;
			buildConfigurationList = 4757177F2383BFD3F8BEC1D0 /* Build configuration list for PBXNativeTarget "Kernel" */;
			buildPhases = (
				27624E64890AD6E565D0441B /* Sources */,
				58EC153827BE62634FE4107A /* Build & (optionally) embed KERNEL daemon */,
			);
			buildRules = (
			);
			dependencies = (
			);
			name = Kernel;
			packageProductDependencies = (
			);
			productName = Kernel;
			productReference = 9C9F810A2EE7CDD4B516ADEF /* Kernel.app */;
			productType = "com.apple.product-type.application";
		};
		EABF55C6048A8F41A55BCFFF /* KernelTests */ = {
			isa = PBXNativeTarget;
			buildConfigurationList = A37C0D86FE2319896BA1A047 /* Build configuration list for PBXNativeTarget "KernelTests" */;
			buildPhases = (
				2FF4E9A3F0A173506BF54ED3 /* Sources */,
			);
			buildRules = (
			);
			dependencies = (
				CE600DBBDEA4284D2505F66A /* PBXTargetDependency */,
			);
			name = KernelTests;
			packageProductDependencies = (
			);
			productName = KernelTests;
			productReference = 1E0CD605F7A5ED78342D424E /* KernelTests.xctest */;
			productType = "com.apple.product-type.bundle.unit-test";
		};
/* End PBXNativeTarget section */

/* Begin PBXProject section */
		CEE60390B29FD39CD2989D32 /* Project object */ = {
			isa = PBXProject;
			attributes = {
				BuildIndependentTargetsInParallel = YES;
				LastUpgradeCheck = 1430;
				TargetAttributes = {
					1F4B54A97C1D34A2C8C4EFF3 = {
						DevelopmentTeam = "";
						ProvisioningStyle = Manual;
					};
					EABF55C6048A8F41A55BCFFF = {
						DevelopmentTeam = "";
						ProvisioningStyle = Manual;
					};
				};
			};
			buildConfigurationList = E54E733234E04585FF62C0B7 /* Build configuration list for PBXProject "Kernel" */;
			developmentRegion = en;
			hasScannedForEncodings = 0;
			knownRegions = (
				Base,
				en,
			);
			mainGroup = F3C8B680AD9BD3B1C3777E0C;
			minimizedProjectReferenceProxies = 1;
			preferredProjectObjectVersion = 77;
			productRefGroup = 3BEFBFF1973B1DD95CDE5364 /* Products */;
			projectDirPath = "";
			projectRoot = "";
			targets = (
				1F4B54A97C1D34A2C8C4EFF3 /* Kernel */,
				EABF55C6048A8F41A55BCFFF /* KernelTests */,
			);
		};
/* End PBXProject section */

/* Begin PBXShellScriptBuildPhase section */
		58EC153827BE62634FE4107A /* Build & (optionally) embed KERNEL daemon */ = {
			isa = PBXShellScriptBuildPhase;
			alwaysOutOfDate = 1;
			buildActionMask = 2147483647;
			files = (
			);
			inputFileListPaths = (
			);
			inputPaths = (
			);
			name = "Build & (optionally) embed KERNEL daemon";
			outputFileListPaths = (
			);
			outputPaths = (
			);
			runOnlyForDeploymentPostprocessing = 0;
			shellPath = /bin/sh;
			shellScript = "export PATH=\"/opt/homebrew/bin:/usr/local/bin:$PATH\"\nDAEMON_SRC=\"${SRCROOT}/../daemon\"\nif command -v npm >/dev/null 2>&1; then\n  ( cd \"$DAEMON_SRC\" && npm run build ) || echo \"warning: daemon build failed; using existing dist/\"\nelse\n  echo \"warning: npm not on PATH; skipping daemon build (runtime uses existing dist/)\"\nfi\nif [ \"${KERNEL_EMBED_NODE_MODULES:-0}\" = \"1\" ]; then\n  DEST=\"${BUILT_PRODUCTS_DIR}/${UNLOCKED_RESOURCES_FOLDER_PATH}/daemon\"\n  mkdir -p \"$DEST\"\n  rsync -a --delete \"$DAEMON_SRC/dist/\" \"$DEST/dist/\" || true\n  rsync -a \"$DAEMON_SRC/node_modules/\" \"$DEST/node_modules/\" || true\n  cp \"$DAEMON_SRC/package.json\" \"$DEST/package.json\" || true\n  cp \"${SRCROOT}/../launchd/kernel-launch.sh\" \"$DEST/kernel-launch.sh\" 2>/dev/null || true\n  echo \"embedded full daemon → $DEST\"\nfi\n";
		};
/* End PBXShellScriptBuildPhase section */

/* Begin PBXSourcesBuildPhase section */
		27624E64890AD6E565D0441B /* Sources */ = {
			isa = PBXSourcesBuildPhase;
			buildActionMask = 2147483647;
			files = (
				BB30FA8A01AB4AE35217DB29 /* AccountsWidget.swift in Sources */,
				9D5510B23514F8FB38E72A25 /* AppCoordinator.swift in Sources */,
				F1A7D8C960711D28DA04FBAB /* AppShell.swift in Sources */,
				83FB9426A2E948EBE963A7B1 /* BootScreen.swift in Sources */,
				C7B804AEED73EF401A504B2E /* BoundarySpike.swift in Sources */,
				32B70ACC3CF4BD01A00770BD /* BreakerPreviewCard.swift in Sources */,
				7BFCE5FB0B242A6A22E688B6 /* CardGallery.swift in Sources */,
				2D90B395AAA531523B7E69F7 /* CardStyle.swift in Sources */,
				3A8C5B200BCF35578990A1FA /* ChatView.swift in Sources */,
				8594589FAE12D887683700AC /* CloudWindow.swift in Sources */,
				AC91955281DD6E143F8441CC /* ControlDock.swift in Sources */,
				D93054EB469FA366019234CB /* ConversationOverlay.swift in Sources */,
				3D603DC06ACAC7B04655DF3A /* Cue.swift in Sources */,
				EC23C4B00426B01F664ED22B /* DaemonSupervisor.swift in Sources */,
				C359BB5F854B07B0F6B41CB2 /* EmailPreviewWidget.swift in Sources */,
				94F0830692D8DADA050094EF /* EventKitBridge.swift in Sources */,
				87731C5F5B698E1426F2B662 /* EventsWidget.swift in Sources */,
				047A284DA06FA13DC44D1D3D /* FilesView.swift in Sources */,
				F038967A9CA01EA613799063 /* Frames.swift in Sources */,
				BA2AC7AEF3EE4A747A3034D5 /* KernelApp.swift in Sources */,
				A394F9FD3365C26F7AF108E8 /* KernelSocket.swift in Sources */,
				245DC335B11C77F30BD9A763 /* MailWidget.swift in Sources */,
				6EFB415E93C2D40FBD34456C /* MessageBar.swift in Sources */,
				FC5FA779A37096D8CC3C88E7 /* MicEngine.swift in Sources */,
				F2CD0BAA4669707EBF30247A /* Motion.swift in Sources */,
				62CA2DAC1282964973C7B420 /* Particles.metal in Sources */,
				B19460B5AFEA72D2B4D3C45F /* Particles.swift in Sources */,
				88A12EA92A2489ACC2BCBFEC /* RuntimeState.swift in Sources */,
				50530AB63A85F1D2D6129922 /* RuntimeWindow.swift in Sources */,
				3C6319EF9FA602D5E044B93F /* SettingsView.swift in Sources */,
				623812EED131A157C7B8C34B /* Speaker.swift in Sources */,
				D88A92F3A0BE94C02FFD93BD /* SpendingWidget.swift in Sources */,
				C75E111C26F08812690A866D /* StageController.swift in Sources */,
				1B2B805F0D4B1EDCB41250F5 /* TelemetryFormat.swift in Sources */,
				EDED0FB00259BB524220DFF1 /* TelemetryStrip.swift in Sources */,
				4AC160EE8D1629F298C6B0C3 /* TitleBar.swift in Sources */,
				A241F475A27768524D95BDF2 /* Tokens.swift in Sources */,
				22C171C6481CF99FE8AFD0C5 /* TranscriptPill.swift in Sources */,
				AC3E6355917B0E738DF5AAA1 /* WidgetCommand.swift in Sources */,
				A70CF9D5A905087E9AB95D72 /* WidgetDisplayer.swift in Sources */,
			);
			runOnlyForDeploymentPostprocessing = 0;
		};
		2FF4E9A3F0A173506BF54ED3 /* Sources */ = {
			isa = PBXSourcesBuildPhase;
			buildActionMask = 2147483647;
			files = (
				33AC917533E193EC87351912 /* BootstrapTests.swift in Sources */,
				5C9386F35B8C670D585C2CE3 /* BrainToggleTests.swift in Sources */,
				BFB39E9CD818417405A6D7B6 /* BreakerPreviewCardTests.swift in Sources */,
				E737C6D6DA7FEFC76BBA032A /* CapabilitiesStatsFrameTests.swift in Sources */,
				E89A73582776E9C984435FC2 /* EmailPreviewWidgetTests.swift in Sources */,
				079CC7C6F258BB709F7A37AF /* FrameCodecTests.swift in Sources */,
				7DAF4585F776F59FBE51BF75 /* MailWidgetTests.swift in Sources */,
				0ED98BF241F2969FC4555008 /* StageControllerTests.swift in Sources */,
				A1E52283EF62602AA2991E1C /* TelemetryFormatTests.swift in Sources */,
				D3367F473141E5E6A42D71A1 /* TranscriptPillTests.swift in Sources */,
				D8E03C9C94879B5C8E740100 /* WidgetCommandTests.swift in Sources */,
				37B171380A920CE186512864 /* WidgetPresentTests.swift in Sources */,
				F027D3F9A182E74DF34C573C /* WidgetRenderTests.swift in Sources */,
			);
			runOnlyForDeploymentPostprocessing = 0;
		};
/* End PBXSourcesBuildPhase section */

/* Begin PBXTargetDependency section */
		CE600DBBDEA4284D2505F66A /* PBXTargetDependency */ = {
			isa = PBXTargetDependency;
			target = 1F4B54A97C1D34A2C8C4EFF3 /* Kernel */;
			targetProxy = 5B8B2699E03761AAF42F3698 /* PBXContainerItemProxy */;
		};
/* End PBXTargetDependency section */

/* Begin XCBuildConfiguration section */
		11010EF4B0DAF9BB1FE12890 /* Release */ = {
			isa = XCBuildConfiguration;
			buildSettings = {
				BUNDLE_LOADER = "$(TEST_HOST)";
				COMBINE_HIDPI_IMAGES = YES;
				GENERATE_INFOPLIST_FILE = YES;
				LD_RUNPATH_SEARCH_PATHS = (
					"$(inherited)",
					"@executable_path/../Frameworks",
					"@loader_path/../Frameworks",
				);
				PRODUCT_BUNDLE_IDENTIFIER = com.kernel.faceTests;
				SDKROOT = macosx;
				TEST_HOST = "$(BUILT_PRODUCTS_DIR)/Kernel.app/Contents/MacOS/Kernel";
			};
			name = Release;
		};
		4120EB4367AE87DE31EB712E /* Debug */ = {
			isa = XCBuildConfiguration;
			buildSettings = {
				BUNDLE_LOADER = "$(TEST_HOST)";
				COMBINE_HIDPI_IMAGES = YES;
				GENERATE_INFOPLIST_FILE = YES;
				LD_RUNPATH_SEARCH_PATHS = (
					"$(inherited)",
					"@executable_path/../Frameworks",
					"@loader_path/../Frameworks",
				);
				PRODUCT_BUNDLE_IDENTIFIER = com.kernel.faceTests;
				SDKROOT = macosx;
				TEST_HOST = "$(BUILT_PRODUCTS_DIR)/Kernel.app/Contents/MacOS/Kernel";
			};
			name = Debug;
		};
		7084741E449279A3FBE979F2 /* Debug */ = {
			isa = XCBuildConfiguration;
			buildSettings = {
				ALWAYS_SEARCH_USER_PATHS = NO;
				CLANG_ANALYZER_NONNULL = YES;
				CLANG_ANALYZER_NUMBER_OBJECT_CONVERSION = YES_AGGRESSIVE;
				CLANG_CXX_LANGUAGE_STANDARD = "gnu++14";
				CLANG_CXX_LIBRARY = "libc++";
				CLANG_ENABLE_MODULES = YES;
				CLANG_ENABLE_OBJC_ARC = YES;
				CLANG_ENABLE_OBJC_WEAK = YES;
				CLANG_WARN_BLOCK_CAPTURE_AUTORELEASING = YES;
				CLANG_WARN_BOOL_CONVERSION = YES;
				CLANG_WARN_COMMA = YES;
				CLANG_WARN_CONSTANT_CONVERSION = YES;
				CLANG_WARN_DEPRECATED_OBJC_IMPLEMENTATIONS = YES;
				CLANG_WARN_DIRECT_OBJC_ISA_USAGE = YES_ERROR;
				CLANG_WARN_DOCUMENTATION_COMMENTS = YES;
				CLANG_WARN_EMPTY_BODY = YES;
				CLANG_WARN_ENUM_CONVERSION = YES;
				CLANG_WARN_INFINITE_RECURSION = YES;
				CLANG_WARN_INT_CONVERSION = YES;
				CLANG_WARN_NON_LITERAL_NULL_CONVERSION = YES;
				CLANG_WARN_OBJC_IMPLICIT_RETAIN_SELF = YES;
				CLANG_WARN_OBJC_LITERAL_CONVERSION = YES;
				CLANG_WARN_OBJC_ROOT_CLASS = YES_ERROR;
				CLANG_WARN_QUOTED_INCLUDE_IN_FRAMEWORK_HEADER = YES;
				CLANG_WARN_RANGE_LOOP_ANALYSIS = YES;
				CLANG_WARN_STRICT_PROTOTYPES = YES;
				CLANG_WARN_SUSPICIOUS_MOVE = YES;
				CLANG_WARN_UNGUARDED_AVAILABILITY = YES_AGGRESSIVE;
				CLANG_WARN_UNREACHABLE_CODE = YES;
				CLANG_WARN__DUPLICATE_METHOD_MATCH = YES;
				CODE_SIGN_IDENTITY = "-";
				CODE_SIGN_STYLE = Manual;
				COPY_PHASE_STRIP = NO;
				CURRENT_PROJECT_VERSION = 1;
				DEBUG_INFORMATION_FORMAT = dwarf;
				DEVELOPMENT_TEAM = "";
				ENABLE_STRICT_OBJC_MSGSEND = YES;
				ENABLE_TESTABILITY = YES;
				GCC_C_LANGUAGE_STANDARD = gnu11;
				GCC_DYNAMIC_NO_PIC = NO;
				GCC_NO_COMMON_BLOCKS = YES;
				GCC_OPTIMIZATION_LEVEL = 0;
				GCC_PREPROCESSOR_DEFINITIONS = (
					"$(inherited)",
					"DEBUG=1",
				);
				GCC_WARN_64_TO_32_BIT_CONVERSION = YES;
				GCC_WARN_ABOUT_RETURN_TYPE = YES_ERROR;
				GCC_WARN_UNDECLARED_SELECTOR = YES;
				GCC_WARN_UNINITIALIZED_AUTOS = YES_AGGRESSIVE;
				GCC_WARN_UNUSED_FUNCTION = YES;
				GCC_WARN_UNUSED_VARIABLE = YES;
				MACOSX_DEPLOYMENT_TARGET = 14.0;
				MARKETING_VERSION = 0.1.0;
				MTL_ENABLE_DEBUG_INFO = INCLUDE_SOURCE;
				MTL_FAST_MATH = YES;
				ONLY_ACTIVE_ARCH = YES;
				PRODUCT_BUNDLE_IDENTIFIER = com.kernel.face;
				PRODUCT_NAME = "$(TARGET_NAME)";
				SDKROOT = macosx;
				SWIFT_ACTIVE_COMPILATION_CONDITIONS = DEBUG;
				SWIFT_OPTIMIZATION_LEVEL = "-Onone";
				SWIFT_VERSION = 5.0;
			};
			name = Debug;
		};
		AFF9FD7A34A0AA0CFAB54F36 /* Release */ = {
			isa = XCBuildConfiguration;
			buildSettings = {
				ALWAYS_SEARCH_USER_PATHS = NO;
				CLANG_ANALYZER_NONNULL = YES;
				CLANG_ANALYZER_NUMBER_OBJECT_CONVERSION = YES_AGGRESSIVE;
				CLANG_CXX_LANGUAGE_STANDARD = "gnu++14";
				CLANG_CXX_LIBRARY = "libc++";
				CLANG_ENABLE_MODULES = YES;
				CLANG_ENABLE_OBJC_ARC = YES;
				CLANG_ENABLE_OBJC_WEAK = YES;
				CLANG_WARN_BLOCK_CAPTURE_AUTORELEASING = YES;
				CLANG_WARN_BOOL_CONVERSION = YES;
				CLANG_WARN_COMMA = YES;
				CLANG_WARN_CONSTANT_CONVERSION = YES;
				CLANG_WARN_DEPRECATED_OBJC_IMPLEMENTATIONS = YES;
				CLANG_WARN_DIRECT_OBJC_ISA_USAGE = YES_ERROR;
				CLANG_WARN_DOCUMENTATION_COMMENTS = YES;
				CLANG_WARN_EMPTY_BODY = YES;
				CLANG_WARN_ENUM_CONVERSION = YES;
				CLANG_WARN_INFINITE_RECURSION = YES;
				CLANG_WARN_INT_CONVERSION = YES;
				CLANG_WARN_NON_LITERAL_NULL_CONVERSION = YES;
				CLANG_WARN_OBJC_IMPLICIT_RETAIN_SELF = YES;
				CLANG_WARN_OBJC_LITERAL_CONVERSION = YES;
				CLANG_WARN_OBJC_ROOT_CLASS = YES_ERROR;
				CLANG_WARN_QUOTED_INCLUDE_IN_FRAMEWORK_HEADER = YES;
				CLANG_WARN_RANGE_LOOP_ANALYSIS = YES;
				CLANG_WARN_STRICT_PROTOTYPES = YES;
				CLANG_WARN_SUSPICIOUS_MOVE = YES;
				CLANG_WARN_UNGUARDED_AVAILABILITY = YES_AGGRESSIVE;
				CLANG_WARN_UNREACHABLE_CODE = YES;
				CLANG_WARN__DUPLICATE_METHOD_MATCH = YES;
				CODE_SIGN_IDENTITY = "-";
				CODE_SIGN_STYLE = Manual;
				COPY_PHASE_STRIP = NO;
				CURRENT_PROJECT_VERSION = 1;
				DEBUG_INFORMATION_FORMAT = "dwarf-with-dsym";
				DEVELOPMENT_TEAM = "";
				ENABLE_NS_ASSERTIONS = NO;
				ENABLE_STRICT_OBJC_MSGSEND = YES;
				GCC_C_LANGUAGE_STANDARD = gnu11;
				GCC_NO_COMMON_BLOCKS = YES;
				GCC_WARN_64_TO_32_BIT_CONVERSION = YES;
				GCC_WARN_ABOUT_RETURN_TYPE = YES_ERROR;
				GCC_WARN_UNDECLARED_SELECTOR = YES;
				GCC_WARN_UNINITIALIZED_AUTOS = YES_AGGRESSIVE;
				GCC_WARN_UNUSED_FUNCTION = YES;
				GCC_WARN_UNUSED_VARIABLE = YES;
				MACOSX_DEPLOYMENT_TARGET = 14.0;
				MARKETING_VERSION = 0.1.0;
				MTL_ENABLE_DEBUG_INFO = NO;
				MTL_FAST_MATH = YES;
				PRODUCT_BUNDLE_IDENTIFIER = com.kernel.face;
				PRODUCT_NAME = "$(TARGET_NAME)";
				SDKROOT = macosx;
				SWIFT_COMPILATION_MODE = wholemodule;
				SWIFT_OPTIMIZATION_LEVEL = "-O";
				SWIFT_VERSION = 5.0;
			};
			name = Release;
		};
		B38EB94702FE7EA01DC28B97 /* Debug */ = {
			isa = XCBuildConfiguration;
			buildSettings = {
				ASSETCATALOG_COMPILER_APPICON_NAME = AppIcon;
				CODE_SIGN_ENTITLEMENTS = Kernel/Kernel.entitlements;
				COMBINE_HIDPI_IMAGES = YES;
				ENABLE_APP_SANDBOX = NO;
				ENABLE_HARDENED_RUNTIME = YES;
				INFOPLIST_FILE = Kernel/Info.plist;
				LD_RUNPATH_SEARCH_PATHS = (
					"$(inherited)",
					"@executable_path/../Frameworks",
				);
				SDKROOT = macosx;
			};
			name = Debug;
		};
		F9328AC3A2051FAB359B2280 /* Release */ = {
			isa = XCBuildConfiguration;
			buildSettings = {
				ASSETCATALOG_COMPILER_APPICON_NAME = AppIcon;
				CODE_SIGN_ENTITLEMENTS = Kernel/Kernel.entitlements;
				COMBINE_HIDPI_IMAGES = YES;
				ENABLE_APP_SANDBOX = NO;
				ENABLE_HARDENED_RUNTIME = YES;
				INFOPLIST_FILE = Kernel/Info.plist;
				LD_RUNPATH_SEARCH_PATHS = (
					"$(inherited)",
					"@executable_path/../Frameworks",
				);
				SDKROOT = macosx;
			};
			name = Release;
		};
/* End XCBuildConfiguration section */

/* Begin XCConfigurationList section */
		4757177F2383BFD3F8BEC1D0 /* Build configuration list for PBXNativeTarget "Kernel" */ = {
			isa = XCConfigurationList;
			buildConfigurations = (
				B38EB94702FE7EA01DC28B97 /* Debug */,
				F9328AC3A2051FAB359B2280 /* Release */,
			);
			defaultConfigurationIsVisible = 0;
			defaultConfigurationName = Debug;
		};
		A37C0D86FE2319896BA1A047 /* Build configuration list for PBXNativeTarget "KernelTests" */ = {
			isa = XCConfigurationList;
			buildConfigurations = (
				4120EB4367AE87DE31EB712E /* Debug */,
				11010EF4B0DAF9BB1FE12890 /* Release */,
			);
			defaultConfigurationIsVisible = 0;
			defaultConfigurationName = Debug;
		};
		E54E733234E04585FF62C0B7 /* Build configuration list for PBXProject "Kernel" */ = {
			isa = XCConfigurationList;
			buildConfigurations = (
				7084741E449279A3FBE979F2 /* Debug */,
				AFF9FD7A34A0AA0CFAB54F36 /* Release */,
			);
			defaultConfigurationIsVisible = 0;
			defaultConfigurationName = Debug;
		};
/* End XCConfigurationList section */
	};
	rootObject = CEE60390B29FD39CD2989D32 /* Project object */;
}
