// !$*UTF8*$!
{
	archiveVersion = 1;
	classes = {
	};
	objectVersion = 77;
	objects = {

/* Begin PBXBuildFile section */
		079CC7C6F258BB709F7A37AF /* FrameCodecTests.swift in Sources */ = {isa = PBXBuildFile; fileRef = 3A3119C2D1D0B5D827222012 /* FrameCodecTests.swift */; };
		0ED98BF241F2969FC4555008 /* StageControllerTests.swift in Sources */ = {isa = PBXBuildFile; fileRef = 16148C3EFEBBE30F2FCE9282 /* StageControllerTests.swift */; };
		33AC917533E193EC87351912 /* BootstrapTests.swift in Sources */ = {isa = PBXBuildFile; fileRef = E23763944C65D1590306AA94 /* BootstrapTests.swift */; };
		3D603DC06ACAC7B04655DF3A /* Cue.swift in Sources */ = {isa = PBXBuildFile; fileRef = A5E2D51A82AB1B4CACE1AE21 /* Cue.swift */; };
		623812EED131A157C7B8C34B /* Speaker.swift in Sources */ = {isa = PBXBuildFile; fileRef = 227343D40D493FAC0CCF6BCE /* Speaker.swift */; };
		62CA2DAC1282964973C7B420 /* Particles.metal in Sources */ = {isa = PBXBuildFile; fileRef = C982AA0EAACC4CC3F4DE2B5A /* Particles.metal */; };
		8594589FAE12D887683700AC /* CloudWindow.swift in Sources */ = {isa = PBXBuildFile; fileRef = 962A24B4F107DB1A15EBA0EE /* CloudWindow.swift */; };
		9D5510B23514F8FB38E72A25 /* AppCoordinator.swift in Sources */ = {isa = PBXBuildFile; fileRef = 0EC2621AFC72F7E6F7507D65 /* AppCoordinator.swift */; };
		A241F475A27768524D95BDF2 /* Tokens.swift in Sources */ = {isa = PBXBuildFile; fileRef = E337FF479D32228A89AC2A21 /* Tokens.swift */; };
		A394F9FD3365C26F7AF108E8 /* KernelSocket.swift in Sources */ = {isa = PBXBuildFile; fileRef = 17EF899658131B94C9F042DA /* KernelSocket.swift */; };
		B19460B5AFEA72D2B4D3C45F /* Particles.swift in Sources */ = {isa = PBXBuildFile; fileRef = E0B90F22E877B592964F5962 /* Particles.swift */; };
		BA2AC7AEF3EE4A747A3034D5 /* KernelApp.swift in Sources */ = {isa = PBXBuildFile; fileRef = EF805AA6C2148C3ABD263FF3 /* KernelApp.swift */; };
		C75E111C26F08812690A866D /* StageController.swift in Sources */ = {isa = PBXBuildFile; fileRef = 5C1ADCD649DA3432EADAEC68 /* StageController.swift */; };
		C7B804AEED73EF401A504B2E /* BoundarySpike.swift in Sources */ = {isa = PBXBuildFile; fileRef = AA1ECABC73A7064F118CDB7C /* BoundarySpike.swift */; };
		F038967A9CA01EA613799063 /* Frames.swift in Sources */ = {isa = PBXBuildFile; fileRef = 48D7F81C2056D4C22D02909D /* Frames.swift */; };
		F2CD0BAA4669707EBF30247A /* Motion.swift in Sources */ = {isa = PBXBuildFile; fileRef = F598C22C9E59BF99CBB93134 /* Motion.swift */; };
		FC5FA779A37096D8CC3C88E7 /* MicEngine.swift in Sources */ = {isa = PBXBuildFile; fileRef = 07F4EDAF801AA259DC93042F /* MicEngine.swift */; };
/* End PBXBuildFile section */

/* Begin PBXContainerItemProxy section */
		5B8B2699E03761AAF42F3698 /* PBXContainerItemProxy */ = {
			isa = PBXContainerItemProxy;
			containerPortal = CEE60390B29FD39CD2989D32 /* Project object */;
			proxyType = 1;
			remoteGlobalIDString = 1F4B54A97C1D34A2C8C4EFF3;
			remoteInfo = Kernel;
		};
/* End PBXContainerItemProxy section */

/* Begin PBXFileReference section */
		07F4EDAF801AA259DC93042F /* MicEngine.swift */ = {isa = PBXFileReference; lastKnownFileType = sourcecode.swift; path = MicEngine.swift; sourceTree = "<group>"; };
		0EC2621AFC72F7E6F7507D65 /* AppCoordinator.swift */ = {isa = PBXFileReference; lastKnownFileType = sourcecode.swift; path = AppCoordinator.swift; sourceTree = "<group>"; };
		16148C3EFEBBE30F2FCE9282 /* StageControllerTests.swift */ = {isa = PBXFileReference; lastKnownFileType = sourcecode.swift; path = StageControllerTests.swift; sourceTree = "<group>"; };
		17EF899658131B94C9F042DA /* KernelSocket.swift */ = {isa = PBXFileReference; lastKnownFileType = sourcecode.swift; path = KernelSocket.swift; sourceTree = "<group>"; };
		1E0CD605F7A5ED78342D424E /* KernelTests.xctest */ = {isa = PBXFileReference; explicitFileType = wrapper.cfbundle; includeInIndex = 0; path = KernelTests.xctest; sourceTree = BUILT_PRODUCTS_DIR; };
		227343D40D493FAC0CCF6BCE /* Speaker.swift */ = {isa = PBXFileReference; lastKnownFileType = sourcecode.swift; path = Speaker.swift; sourceTree = "<group>"; };
		3A3119C2D1D0B5D827222012 /* FrameCodecTests.swift */ = {isa = PBXFileReference; lastKnownFileType = sourcecode.swift; path = FrameCodecTests.swift; sourceTree = "<group>"; };
		48D7F81C2056D4C22D02909D /* Frames.swift */ = {isa = PBXFileReference; lastKnownFileType = sourcecode.swift; path = Frames.swift; sourceTree = "<group>"; };
		5C1ADCD649DA3432EADAEC68 /* StageController.swift */ = {isa = PBXFileReference; lastKnownFileType = sourcecode.swift; path = StageController.swift; sourceTree = "<group>"; };
		6031C7693DB73B68A9F6ADED /* Info.plist */ = {isa = PBXFileReference; lastKnownFileType = text.plist; path = Info.plist; sourceTree = "<group>"; };
		7B5D7D7D8E4B96BA7A8ED69B /* Kernel.entitlements */ = {isa = PBXFileReference; lastKnownFileType = text.plist.entitlements; path = Kernel.entitlements; sourceTree = "<group>"; };
		962A24B4F107DB1A15EBA0EE /* CloudWindow.swift */ = {isa = PBXFileReference; lastKnownFileType = sourcecode.swift; path = CloudWindow.swift; sourceTree = "<group>"; };
		9C9F810A2EE7CDD4B516ADEF /* Kernel.app */ = {isa = PBXFileReference; explicitFileType = wrapper.application; includeInIndex = 0; path = Kernel.app; sourceTree = BUILT_PRODUCTS_DIR; };
		A5E2D51A82AB1B4CACE1AE21 /* Cue.swift */ = {isa = PBXFileReference; lastKnownFileType = sourcecode.swift; path = Cue.swift; sourceTree = "<group>"; };
		AA1ECABC73A7064F118CDB7C /* BoundarySpike.swift */ = {isa = PBXFileReference; lastKnownFileType = sourcecode.swift; path = BoundarySpike.swift; sourceTree = "<group>"; };
		C982AA0EAACC4CC3F4DE2B5A /* Particles.metal */ = {isa = PBXFileReference; lastKnownFileType = sourcecode.metal; path = Particles.metal; sourceTree = "<group>"; };
		E0B90F22E877B592964F5962 /* Particles.swift */ = {isa = PBXFileReference; lastKnownFileType = sourcecode.swift; path = Particles.swift; sourceTree = "<group>"; };
		E23763944C65D1590306AA94 /* BootstrapTests.swift */ = {isa = PBXFileReference; lastKnownFileType = sourcecode.swift; path = BootstrapTests.swift; sourceTree = "<group>"; };
		E337FF479D32228A89AC2A21 /* Tokens.swift */ = {isa = PBXFileReference; lastKnownFileType = sourcecode.swift; path = Tokens.swift; sourceTree = "<group>"; };
		EF805AA6C2148C3ABD263FF3 /* KernelApp.swift */ = {isa = PBXFileReference; lastKnownFileType = sourcecode.swift; path = KernelApp.swift; sourceTree = "<group>"; };
		F598C22C9E59BF99CBB93134 /* Motion.swift */ = {isa = PBXFileReference; lastKnownFileType = sourcecode.swift; path = Motion.swift; sourceTree = "<group>"; };
/* End PBXFileReference section */

/* Begin PBXGroup section */
		1D10FE1C8F7527B9DAEE46CC /* Spike */ = {
			isa = PBXGroup;
			children = (
				AA1ECABC73A7064F118CDB7C /* BoundarySpike.swift */,
			);
			path = Spike;
			sourceTree = "<group>";
		};
		370F3EB30091DCA3907C4E74 /* Stage */ = {
			isa = PBXGroup;
			children = (
				A5E2D51A82AB1B4CACE1AE21 /* Cue.swift */,
				5C1ADCD649DA3432EADAEC68 /* StageController.swift */,
			);
			path = Stage;
			sourceTree = "<group>";
		};
		3BEFBFF1973B1DD95CDE5364 /* Products */ = {
			isa = PBXGroup;
			children = (
				9C9F810A2EE7CDD4B516ADEF /* Kernel.app */,
				1E0CD605F7A5ED78342D424E /* KernelTests.xctest */,
			);
			name = Products;
			sourceTree = "<group>";
		};
		3E6E6E95828FD9E318201423 /* Voice */ = {
			isa = PBXGroup;
			children = (
				07F4EDAF801AA259DC93042F /* MicEngine.swift */,
				227343D40D493FAC0CCF6BCE /* Speaker.swift */,
			);
			path = Voice;
			sourceTree = "<group>";
		};
		52BB9F891D95D85002D5E24E /* IPC */ = {
			isa = PBXGroup;
			children = (
				48D7F81C2056D4C22D02909D /* Frames.swift */,
				17EF899658131B94C9F042DA /* KernelSocket.swift */,
			);
			path = IPC;
			sourceTree = "<group>";
		};
		54561483E45621C22998374B /* KernelTests */ = {
			isa = PBXGroup;
			children = (
				E23763944C65D1590306AA94 /* BootstrapTests.swift */,
				3A3119C2D1D0B5D827222012 /* FrameCodecTests.swift */,
				16148C3EFEBBE30F2FCE9282 /* StageControllerTests.swift */,
			);
			path = KernelTests;
			sourceTree = "<group>";
		};
		58DAC94496C31FB2A205F84F /* DesignSystem */ = {
			isa = PBXGroup;
			children = (
				F598C22C9E59BF99CBB93134 /* Motion.swift */,
				E337FF479D32228A89AC2A21 /* Tokens.swift */,
			);
			path = DesignSystem;
			sourceTree = "<group>";
		};
		F3C8B680AD9BD3B1C3777E0C = {
			isa = PBXGroup;
			children = (
				FBA8AD8272F433C19F1171F0 /* Kernel */,
				54561483E45621C22998374B /* KernelTests */,
				1D10FE1C8F7527B9DAEE46CC /* Spike */,
				3BEFBFF1973B1DD95CDE5364 /* Products */,
			);
			sourceTree = "<group>";
		};
		FBA8AD8272F433C19F1171F0 /* Kernel */ = {
			isa = PBXGroup;
			children = (
				0EC2621AFC72F7E6F7507D65 /* AppCoordinator.swift */,
				6031C7693DB73B68A9F6ADED /* Info.plist */,
				7B5D7D7D8E4B96BA7A8ED69B /* Kernel.entitlements */,
				EF805AA6C2148C3ABD263FF3 /* KernelApp.swift */,
				FE3C8925905BD344A2F050F1 /* CloudView */,
				58DAC94496C31FB2A205F84F /* DesignSystem */,
				52BB9F891D95D85002D5E24E /* IPC */,
				370F3EB30091DCA3907C4E74 /* Stage */,
				3E6E6E95828FD9E318201423 /* Voice */,
			);
			path = Kernel;
			sourceTree = "<group>";
		};
		FE3C8925905BD344A2F050F1 /* CloudView */ = {
			isa = PBXGroup;
			children = (
				962A24B4F107DB1A15EBA0EE /* CloudWindow.swift */,
				C982AA0EAACC4CC3F4DE2B5A /* Particles.metal */,
				E0B90F22E877B592964F5962 /* Particles.swift */,
			);
			path = CloudView;
			sourceTree = "<group>";
		};
/* End PBXGroup section */

/* Begin PBXNativeTarget section */
		1F4B54A97C1D34A2C8C4EFF3 /* Kernel */ = {
			isa = PBXNativeTarget;
			buildConfigurationList = 4757177F2383BFD3F8BEC1D0 /* Build configuration list for PBXNativeTarget "Kernel" */;
			buildPhases = (
				27624E64890AD6E565D0441B /* Sources */,
			);
			buildRules = (
			);
			dependencies = (
			);
			name = Kernel;
			packageProductDependencies = (
			);
			productName = Kernel;
			productReference = 9C9F810A2EE7CDD4B516ADEF /* Kernel.app */;
			productType = "com.apple.product-type.application";
		};
		EABF55C6048A8F41A55BCFFF /* KernelTests */ = {
			isa = PBXNativeTarget;
			buildConfigurationList = A37C0D86FE2319896BA1A047 /* Build configuration list for PBXNativeTarget "KernelTests" */;
			buildPhases = (
				2FF4E9A3F0A173506BF54ED3 /* Sources */,
			);
			buildRules = (
			);
			dependencies = (
				CE600DBBDEA4284D2505F66A /* PBXTargetDependency */,
			);
			name = KernelTests;
			packageProductDependencies = (
			);
			productName = KernelTests;
			productReference = 1E0CD605F7A5ED78342D424E /* KernelTests.xctest */;
			productType = "com.apple.product-type.bundle.unit-test";
		};
/* End PBXNativeTarget section */

/* Begin PBXProject section */
		CEE60390B29FD39CD2989D32 /* Project object */ = {
			isa = PBXProject;
			attributes = {
				BuildIndependentTargetsInParallel = YES;
				LastUpgradeCheck = 1430;
				TargetAttributes = {
					1F4B54A97C1D34A2C8C4EFF3 = {
						DevelopmentTeam = "";
						ProvisioningStyle = Manual;
					};
					EABF55C6048A8F41A55BCFFF = {
						DevelopmentTeam = "";
						ProvisioningStyle = Manual;
					};
				};
			};
			buildConfigurationList = E54E733234E04585FF62C0B7 /* Build configuration list for PBXProject "Kernel" */;
			developmentRegion = en;
			hasScannedForEncodings = 0;
			knownRegions = (
				Base,
				en,
			);
			mainGroup = F3C8B680AD9BD3B1C3777E0C;
			minimizedProjectReferenceProxies = 1;
			preferredProjectObjectVersion = 77;
			productRefGroup = 3BEFBFF1973B1DD95CDE5364 /* Products */;
			projectDirPath = "";
			projectRoot = "";
			targets = (
				1F4B54A97C1D34A2C8C4EFF3 /* Kernel */,
				EABF55C6048A8F41A55BCFFF /* KernelTests */,
			);
		};
/* End PBXProject section */

/* Begin PBXSourcesBuildPhase section */
		27624E64890AD6E565D0441B /* Sources */ = {
			isa = PBXSourcesBuildPhase;
			buildActionMask = 2147483647;
			files = (
				9D5510B23514F8FB38E72A25 /* AppCoordinator.swift in Sources */,
				C7B804AEED73EF401A504B2E /* BoundarySpike.swift in Sources */,
				8594589FAE12D887683700AC /* CloudWindow.swift in Sources */,
				3D603DC06ACAC7B04655DF3A /* Cue.swift in Sources */,
				F038967A9CA01EA613799063 /* Frames.swift in Sources */,
				BA2AC7AEF3EE4A747A3034D5 /* KernelApp.swift in Sources */,
				A394F9FD3365C26F7AF108E8 /* KernelSocket.swift in Sources */,
				FC5FA779A37096D8CC3C88E7 /* MicEngine.swift in Sources */,
				F2CD0BAA4669707EBF30247A /* Motion.swift in Sources */,
				62CA2DAC1282964973C7B420 /* Particles.metal in Sources */,
				B19460B5AFEA72D2B4D3C45F /* Particles.swift in Sources */,
				623812EED131A157C7B8C34B /* Speaker.swift in Sources */,
				C75E111C26F08812690A866D /* StageController.swift in Sources */,
				A241F475A27768524D95BDF2 /* Tokens.swift in Sources */,
			);
			runOnlyForDeploymentPostprocessing = 0;
		};
		2FF4E9A3F0A173506BF54ED3 /* Sources */ = {
			isa = PBXSourcesBuildPhase;
			buildActionMask = 2147483647;
			files = (
				33AC917533E193EC87351912 /* BootstrapTests.swift in Sources */,
				079CC7C6F258BB709F7A37AF /* FrameCodecTests.swift in Sources */,
				0ED98BF241F2969FC4555008 /* StageControllerTests.swift in Sources */,
			);
			runOnlyForDeploymentPostprocessing = 0;
		};
/* End PBXSourcesBuildPhase section */

/* Begin PBXTargetDependency section */
		CE600DBBDEA4284D2505F66A /* PBXTargetDependency */ = {
			isa = PBXTargetDependency;
			target = 1F4B54A97C1D34A2C8C4EFF3 /* Kernel */;
			targetProxy = 5B8B2699E03761AAF42F3698 /* PBXContainerItemProxy */;
		};
/* End PBXTargetDependency section */

/* Begin XCBuildConfiguration section */
		11010EF4B0DAF9BB1FE12890 /* Release */ = {
			isa = XCBuildConfiguration;
			buildSettings = {
				BUNDLE_LOADER = "$(TEST_HOST)";
				COMBINE_HIDPI_IMAGES = YES;
				LD_RUNPATH_SEARCH_PATHS = (
					"$(inherited)",
					"@executable_path/../Frameworks",
					"@loader_path/../Frameworks",
				);
				SDKROOT = macosx;
				TEST_HOST = "$(BUILT_PRODUCTS_DIR)/Kernel.app/Contents/MacOS/Kernel";
			};
			name = Release;
		};
		4120EB4367AE87DE31EB712E /* Debug */ = {
			isa = XCBuildConfiguration;
			buildSettings = {
				BUNDLE_LOADER = "$(TEST_HOST)";
				COMBINE_HIDPI_IMAGES = YES;
				LD_RUNPATH_SEARCH_PATHS = (
					"$(inherited)",
					"@executable_path/../Frameworks",
					"@loader_path/../Frameworks",
				);
				SDKROOT = macosx;
				TEST_HOST = "$(BUILT_PRODUCTS_DIR)/Kernel.app/Contents/MacOS/Kernel";
			};
			name = Debug;
		};
		7084741E449279A3FBE979F2 /* Debug */ = {
			isa = XCBuildConfiguration;
			buildSettings = {
				ALWAYS_SEARCH_USER_PATHS = NO;
				CLANG_ANALYZER_NONNULL = YES;
				CLANG_ANALYZER_NUMBER_OBJECT_CONVERSION = YES_AGGRESSIVE;
				CLANG_CXX_LANGUAGE_STANDARD = "gnu++14";
				CLANG_CXX_LIBRARY = "libc++";
				CLANG_ENABLE_MODULES = YES;
				CLANG_ENABLE_OBJC_ARC = YES;
				CLANG_ENABLE_OBJC_WEAK = YES;
				CLANG_WARN_BLOCK_CAPTURE_AUTORELEASING = YES;
				CLANG_WARN_BOOL_CONVERSION = YES;
				CLANG_WARN_COMMA = YES;
				CLANG_WARN_CONSTANT_CONVERSION = YES;
				CLANG_WARN_DEPRECATED_OBJC_IMPLEMENTATIONS = YES;
				CLANG_WARN_DIRECT_OBJC_ISA_USAGE = YES_ERROR;
				CLANG_WARN_DOCUMENTATION_COMMENTS = YES;
				CLANG_WARN_EMPTY_BODY = YES;
				CLANG_WARN_ENUM_CONVERSION = YES;
				CLANG_WARN_INFINITE_RECURSION = YES;
				CLANG_WARN_INT_CONVERSION = YES;
				CLANG_WARN_NON_LITERAL_NULL_CONVERSION = YES;
				CLANG_WARN_OBJC_IMPLICIT_RETAIN_SELF = YES;
				CLANG_WARN_OBJC_LITERAL_CONVERSION = YES;
				CLANG_WARN_OBJC_ROOT_CLASS = YES_ERROR;
				CLANG_WARN_QUOTED_INCLUDE_IN_FRAMEWORK_HEADER = YES;
				CLANG_WARN_RANGE_LOOP_ANALYSIS = YES;
				CLANG_WARN_STRICT_PROTOTYPES = YES;
				CLANG_WARN_SUSPICIOUS_MOVE = YES;
				CLANG_WARN_UNGUARDED_AVAILABILITY = YES_AGGRESSIVE;
				CLANG_WARN_UNREACHABLE_CODE = YES;
				CLANG_WARN__DUPLICATE_METHOD_MATCH = YES;
				CODE_SIGN_IDENTITY = "-";
				CODE_SIGN_STYLE = Manual;
				COPY_PHASE_STRIP = NO;
				CURRENT_PROJECT_VERSION = 1;
				DEBUG_INFORMATION_FORMAT = dwarf;
				DEVELOPMENT_TEAM = "";
				ENABLE_STRICT_OBJC_MSGSEND = YES;
				ENABLE_TESTABILITY = YES;
				GCC_C_LANGUAGE_STANDARD = gnu11;
				GCC_DYNAMIC_NO_PIC = NO;
				GCC_NO_COMMON_BLOCKS = YES;
				GCC_OPTIMIZATION_LEVEL = 0;
				GCC_PREPROCESSOR_DEFINITIONS = (
					"$(inherited)",
					"DEBUG=1",
				);
				GCC_WARN_64_TO_32_BIT_CONVERSION = YES;
				GCC_WARN_ABOUT_RETURN_TYPE = YES_ERROR;
				GCC_WARN_UNDECLARED_SELECTOR = YES;
				GCC_WARN_UNINITIALIZED_AUTOS = YES_AGGRESSIVE;
				GCC_WARN_UNUSED_FUNCTION = YES;
				GCC_WARN_UNUSED_VARIABLE = YES;
				MACOSX_DEPLOYMENT_TARGET = 14.0;
				MARKETING_VERSION = 0.1.0;
				MTL_ENABLE_DEBUG_INFO = INCLUDE_SOURCE;
				MTL_FAST_MATH = YES;
				ONLY_ACTIVE_ARCH = YES;
				PRODUCT_BUNDLE_IDENTIFIER = com.kernel.face;
				PRODUCT_NAME = "$(TARGET_NAME)";
				SDKROOT = macosx;
				SWIFT_ACTIVE_COMPILATION_CONDITIONS = DEBUG;
				SWIFT_OPTIMIZATION_LEVEL = "-Onone";
				SWIFT_VERSION = 5.0;
			};
			name = Debug;
		};
		AFF9FD7A34A0AA0CFAB54F36 /* Release */ = {
			isa = XCBuildConfiguration;
			buildSettings = {
				ALWAYS_SEARCH_USER_PATHS = NO;
				CLANG_ANALYZER_NONNULL = YES;
				CLANG_ANALYZER_NUMBER_OBJECT_CONVERSION = YES_AGGRESSIVE;
				CLANG_CXX_LANGUAGE_STANDARD = "gnu++14";
				CLANG_CXX_LIBRARY = "libc++";
				CLANG_ENABLE_MODULES = YES;
				CLANG_ENABLE_OBJC_ARC = YES;
				CLANG_ENABLE_OBJC_WEAK = YES;
				CLANG_WARN_BLOCK_CAPTURE_AUTORELEASING = YES;
				CLANG_WARN_BOOL_CONVERSION = YES;
				CLANG_WARN_COMMA = YES;
				CLANG_WARN_CONSTANT_CONVERSION = YES;
				CLANG_WARN_DEPRECATED_OBJC_IMPLEMENTATIONS = YES;
				CLANG_WARN_DIRECT_OBJC_ISA_USAGE = YES_ERROR;
				CLANG_WARN_DOCUMENTATION_COMMENTS = YES;
				CLANG_WARN_EMPTY_BODY = YES;
				CLANG_WARN_ENUM_CONVERSION = YES;
				CLANG_WARN_INFINITE_RECURSION = YES;
				CLANG_WARN_INT_CONVERSION = YES;
				CLANG_WARN_NON_LITERAL_NULL_CONVERSION = YES;
				CLANG_WARN_OBJC_IMPLICIT_RETAIN_SELF = YES;
				CLANG_WARN_OBJC_LITERAL_CONVERSION = YES;
				CLANG_WARN_OBJC_ROOT_CLASS = YES_ERROR;
				CLANG_WARN_QUOTED_INCLUDE_IN_FRAMEWORK_HEADER = YES;
				CLANG_WARN_RANGE_LOOP_ANALYSIS = YES;
				CLANG_WARN_STRICT_PROTOTYPES = YES;
				CLANG_WARN_SUSPICIOUS_MOVE = YES;
				CLANG_WARN_UNGUARDED_AVAILABILITY = YES_AGGRESSIVE;
				CLANG_WARN_UNREACHABLE_CODE = YES;
				CLANG_WARN__DUPLICATE_METHOD_MATCH = YES;
				CODE_SIGN_IDENTITY = "-";
				CODE_SIGN_STYLE = Manual;
				COPY_PHASE_STRIP = NO;
				CURRENT_PROJECT_VERSION = 1;
				DEBUG_INFORMATION_FORMAT = "dwarf-with-dsym";
				DEVELOPMENT_TEAM = "";
				ENABLE_NS_ASSERTIONS = NO;
				ENABLE_STRICT_OBJC_MSGSEND = YES;
				GCC_C_LANGUAGE_STANDARD = gnu11;
				GCC_NO_COMMON_BLOCKS = YES;
				GCC_WARN_64_TO_32_BIT_CONVERSION = YES;
				GCC_WARN_ABOUT_RETURN_TYPE = YES_ERROR;
				GCC_WARN_UNDECLARED_SELECTOR = YES;
				GCC_WARN_UNINITIALIZED_AUTOS = YES_AGGRESSIVE;
				GCC_WARN_UNUSED_FUNCTION = YES;
				GCC_WARN_UNUSED_VARIABLE = YES;
				MACOSX_DEPLOYMENT_TARGET = 14.0;
				MARKETING_VERSION = 0.1.0;
				MTL_ENABLE_DEBUG_INFO = NO;
				MTL_FAST_MATH = YES;
				PRODUCT_BUNDLE_IDENTIFIER = com.kernel.face;
				PRODUCT_NAME = "$(TARGET_NAME)";
				SDKROOT = macosx;
				SWIFT_COMPILATION_MODE = wholemodule;
				SWIFT_OPTIMIZATION_LEVEL = "-O";
				SWIFT_VERSION = 5.0;
			};
			name = Release;
		};
		B38EB94702FE7EA01DC28B97 /* Debug */ = {
			isa = XCBuildConfiguration;
			buildSettings = {
				ASSETCATALOG_COMPILER_APPICON_NAME = AppIcon;
				CODE_SIGN_ENTITLEMENTS = Kernel/Kernel.entitlements;
				COMBINE_HIDPI_IMAGES = YES;
				ENABLE_APP_SANDBOX = NO;
				ENABLE_HARDENED_RUNTIME = YES;
				INFOPLIST_FILE = Kernel/Info.plist;
				LD_RUNPATH_SEARCH_PATHS = (
					"$(inherited)",
					"@executable_path/../Frameworks",
				);
				SDKROOT = macosx;
			};
			name = Debug;
		};
		F9328AC3A2051FAB359B2280 /* Release */ = {
			isa = XCBuildConfiguration;
			buildSettings = {
				ASSETCATALOG_COMPILER_APPICON_NAME = AppIcon;
				CODE_SIGN_ENTITLEMENTS = Kernel/Kernel.entitlements;
				COMBINE_HIDPI_IMAGES = YES;
				ENABLE_APP_SANDBOX = NO;
				ENABLE_HARDENED_RUNTIME = YES;
				INFOPLIST_FILE = Kernel/Info.plist;
				LD_RUNPATH_SEARCH_PATHS = (
					"$(inherited)",
					"@executable_path/../Frameworks",
				);
				SDKROOT = macosx;
			};
			name = Release;
		};
/* End XCBuildConfiguration section */

/* Begin XCConfigurationList section */
		4757177F2383BFD3F8BEC1D0 /* Build configuration list for PBXNativeTarget "Kernel" */ = {
			isa = XCConfigurationList;
			buildConfigurations = (
				B38EB94702FE7EA01DC28B97 /* Debug */,
				F9328AC3A2051FAB359B2280 /* Release */,
			);
			defaultConfigurationIsVisible = 0;
			defaultConfigurationName = Debug;
		};
		A37C0D86FE2319896BA1A047 /* Build configuration list for PBXNativeTarget "KernelTests" */ = {
			isa = XCConfigurationList;
			buildConfigurations = (
				4120EB4367AE87DE31EB712E /* Debug */,
				11010EF4B0DAF9BB1FE12890 /* Release */,
			);
			defaultConfigurationIsVisible = 0;
			defaultConfigurationName = Debug;
		};
		E54E733234E04585FF62C0B7 /* Build configuration list for PBXProject "Kernel" */ = {
			isa = XCConfigurationList;
			buildConfigurations = (
				7084741E449279A3FBE979F2 /* Debug */,
				AFF9FD7A34A0AA0CFAB54F36 /* Release */,
			);
			defaultConfigurationIsVisible = 0;
			defaultConfigurationName = Debug;
		};
/* End XCConfigurationList section */
	};
	rootObject = CEE60390B29FD39CD2989D32 /* Project object */;
}
